github.com/SergeyParamoshkin/rest v0.0.0-20210420132255-aadb770a087e h1:LceRrsHb4QJtpCYkm71nwLGbciyI/IanEtLHXv0MTRI=
github.com/SergeyParamoshkin/rest v0.0.0-20210420132255-aadb770a087e/go.mod h1:3St8PhB3gPU+tJyPv/z9SvyG31XeGOu7JNwFojp3W4k=
github.com/go-chi/chi/v5 v5.0.1/go.mod h1:DslCQbL2OYiznFReuXYUmQ2hGd1aDpCnlMNITLSKoi8=
github.com/go-chi/chi/v5 v5.0.2/go.mod h1:DslCQbL2OYiznFReuXYUmQ2hGd1aDpCnlMNITLSKoi8=
github.com/go-chi/docgen v1.2.0/go.mod h1:G9W0G551cs2BFMSn/cnGwX+JBHEloAgo17MBhyrnhPI=
github.com/go-chi/render v1.0.1/go.mod h1:pq4Rr7HbnsdaeHagklXub+p6Wd16Af5l9koip1OvJns=
gopkg.in/check.v1 v0.0.0-20161208181325-20d25e280405/go.mod h1:Co6ibVJAznAaIkqp8huTwlJQCZ016jof/cbN4VW5Yz0=
gopkg.in/yaml.v2 v2.4.0/go.mod h1:RDklbk79AGWmwhnvt/jBztapEOGDOx6ZbXqjP6csGnQ=
gopkg.in/yaml.v3 v3.0.0-20210107192922-496545a6307b h1:h8qDotaEPuJATrMmW04NCwg7v22aHH28wwpauUhK9Oo=
gopkg.in/yaml.v3 v3.0.0-20210107192922-496545a6307b/go.mod h1:K4uyk7z7BCEPqu6E+C64Yfv1cQ7kz7rIZviUmN+EgEM=
